
Microsoft Visual Studio Solution File, Format Version 12.00
Project("{FAE04EC0-301F-11D3-BF4B-00C04F79EFBC}") = "AvalonialessXamlSample", "AvalonialessXamlSample.csproj", "{B72560A7-813C-4DC4-9C17-525FB04124D8}"
EndProject
Global
	GlobalSection(SolutionConfigurationPlatforms) = preSolution
		Debug|Any CPU = Debug|Any CPU
		Release|Any CPU = Release|Any CPU
	EndGlobalSection
	GlobalSection(ProjectConfigurationPlatforms) = postSolution
		{B72560A7-813C-4DC4-9C17-525FB04124D8}.Debug|Any CPU.ActiveCfg = Debug|Any CPU
		{B72560A7-813C-4DC4-9C17-525FB04124D8}.Debug|Any CPU.Build.0 = Debug|Any CPU
		{B72560A7-813C-4DC4-9C17-525FB04124D8}.Release|Any CPU.ActiveCfg = Release|Any CPU
		{B72560A7-813C-4DC4-9C17-525FB04124D8}.Release|Any CPU.Build.0 = Release|Any CPU
	EndGlobalSection
EndGlobal
